# THIS IS AN AUTOGENERATED FILE. DO NOT EDIT THIS FILE DIRECTLY.
# yarn lockfile v1


"@hotwired/turbo-rails@^7.3.0":
  version "7.3.0"
  resolved "https://registry.yarnpkg.com/@hotwired/turbo-rails/-/turbo-rails-7.3.0.tgz#422c21752509f3edcd6c7b2725bbe9e157815f51"
  integrity sha512-fvhO64vp/a2UVQ3jue9WTc2JisMv9XilIC7ViZmXAREVwiQ2S4UC7Go8f9A1j4Xu7DBI6SbFdqILk5ImqVoqyA==
  dependencies:
    "@hotwired/turbo" "^7.3.0"
    "@rails/actioncable" "^7.0"

"@hotwired/turbo@^7.3.0":
  version "7.3.0"
  resolved "https://registry.yarnpkg.com/@hotwired/turbo/-/turbo-7.3.0.tgz#2226000fff1aabda9fd9587474565c9929dbf15d"
  integrity sha512-Dcu+NaSvHLT7EjrDrkEmH4qET2ZJZ5IcCWmNXxNQTBwlnE5tBZfN6WxZ842n5cHV52DH/AKNirbPBtcEXDLW4g==

"@rails/actioncable@^7.0":
  version "7.1.2"
  resolved "https://registry.yarnpkg.com/@rails/actioncable/-/actioncable-7.1.2.tgz#d261ff4b72844f5af496671346ec478798f4ac2c"
  integrity sha512-KGziTZfbmGm8/fHOpj515xupbYU+49hsp4etfdpoDJ/CEY2bRZR0cyFcJkpK6n0t/sxOHNWY6bo9vSgXZvT7Mg==

"@rails/ujs@^7.1.2":
  version "7.1.2"
  resolved "https://registry.yarnpkg.com/@rails/ujs/-/ujs-7.1.2.tgz#ea903bcc0224e17156015d995b6f1b83e27d64b2"
  integrity sha512-c5x02djEKEVVE4qfN4XgElJS4biM0xxtIVpcJ0ZHLK116U19rowTtmD0AJ/RCb3Xaewa4GPIWLlwgeC0dCQqzw==

channels@^0.0.4:
  version "0.0.4"
  resolved "https://registry.yarnpkg.com/channels/-/channels-0.0.4.tgz#1bee323edea152bb9ef04f41bc6e6b0f5948a941"
  integrity sha512-4zRxUJ/sN+GmA0NeB1wIBA8xzU6C30FsGkSIWob7OLIQVwMKE/ct9n3RLfq8XiLUpafK5gWg7+HuUVzXMXYqVw==
